
Microsoft Visual Studio Solution File, Format Version 12.00
# Visual Studio 2013
VisualStudioVersion = 12.0.31101.0
MinimumVisualStudioVersion = 10.0.40219.1
Project("{2150E333-8FDC-42A3-9474-1A3956D46DE8}") = "Database", "Database", "{E6F755B4-A4C5-4869-9241-9E3DD94AD9EB}"
EndProject
Project("{00D1A9C2-B5F0-4AF3-8072-F6C62B433612}") = "Northwind", "Northwind\Northwind.sqlproj", "{240129DD-EE72-47DD-AF54-5947533E2F16}"
EndProject
Project("{2150E333-8FDC-42A3-9474-1A3956D46DE8}") = "Data", "Data", "{42632CFF-6E56-4ED2-8D0C-C09952AD71A8}"
EndProject
Project("{FAE04EC0-301F-11D3-BF4B-00C04F79EFBC}") = "Entities", "Entities\Entities.csproj", "{8738B80C-3486-4A52-8A55-0D9A51132F90}"
EndProject
Project("{FAE04EC0-301F-11D3-BF4B-00C04F79EFBC}") = "Infrastructure", "Infrastructure\Infrastructure.csproj", "{23361ACD-886E-4621-A9E8-D2A92CF2F6AC}"
EndProject
Project("{2150E333-8FDC-42A3-9474-1A3956D46DE8}") = "Services", "Services", "{453D2876-9023-4697-84B4-29EF324BF2C1}"
EndProject
Project("{2150E333-8FDC-42A3-9474-1A3956D46DE8}") = "Infrastructure", "Infrastructure", "{E3849AAA-E3B3-457D-9D00-B4276C054EE8}"
EndProject
Project("{FAE04EC0-301F-11D3-BF4B-00C04F79EFBC}") = "Services", "Services\Services.csproj", "{71456676-1E98-46C2-B6B5-14D54F7649EC}"
EndProject
Global
	GlobalSection(SolutionConfigurationPlatforms) = preSolution
		Debug|Any CPU = Debug|Any CPU
		Release|Any CPU = Release|Any CPU
	EndGlobalSection
	GlobalSection(ProjectConfigurationPlatforms) = postSolution
		{240129DD-EE72-47DD-AF54-5947533E2F16}.Debug|Any CPU.ActiveCfg = Debug|Any CPU
		{240129DD-EE72-47DD-AF54-5947533E2F16}.Debug|Any CPU.Build.0 = Debug|Any CPU
		{240129DD-EE72-47DD-AF54-5947533E2F16}.Debug|Any CPU.Deploy.0 = Debug|Any CPU
		{240129DD-EE72-47DD-AF54-5947533E2F16}.Release|Any CPU.ActiveCfg = Release|Any CPU
		{240129DD-EE72-47DD-AF54-5947533E2F16}.Release|Any CPU.Build.0 = Release|Any CPU
		{240129DD-EE72-47DD-AF54-5947533E2F16}.Release|Any CPU.Deploy.0 = Release|Any CPU
		{8738B80C-3486-4A52-8A55-0D9A51132F90}.Debug|Any CPU.ActiveCfg = Debug|Any CPU
		{8738B80C-3486-4A52-8A55-0D9A51132F90}.Debug|Any CPU.Build.0 = Debug|Any CPU
		{8738B80C-3486-4A52-8A55-0D9A51132F90}.Release|Any CPU.ActiveCfg = Release|Any CPU
		{8738B80C-3486-4A52-8A55-0D9A51132F90}.Release|Any CPU.Build.0 = Release|Any CPU
		{23361ACD-886E-4621-A9E8-D2A92CF2F6AC}.Debug|Any CPU.ActiveCfg = Debug|Any CPU
		{23361ACD-886E-4621-A9E8-D2A92CF2F6AC}.Debug|Any CPU.Build.0 = Debug|Any CPU
		{23361ACD-886E-4621-A9E8-D2A92CF2F6AC}.Release|Any CPU.ActiveCfg = Release|Any CPU
		{23361ACD-886E-4621-A9E8-D2A92CF2F6AC}.Release|Any CPU.Build.0 = Release|Any CPU
		{71456676-1E98-46C2-B6B5-14D54F7649EC}.Debug|Any CPU.ActiveCfg = Debug|Any CPU
		{71456676-1E98-46C2-B6B5-14D54F7649EC}.Debug|Any CPU.Build.0 = Debug|Any CPU
		{71456676-1E98-46C2-B6B5-14D54F7649EC}.Release|Any CPU.ActiveCfg = Release|Any CPU
		{71456676-1E98-46C2-B6B5-14D54F7649EC}.Release|Any CPU.Build.0 = Release|Any CPU
	EndGlobalSection
	GlobalSection(SolutionProperties) = preSolution
		HideSolutionNode = FALSE
	EndGlobalSection
	GlobalSection(NestedProjects) = preSolution
		{240129DD-EE72-47DD-AF54-5947533E2F16} = {E6F755B4-A4C5-4869-9241-9E3DD94AD9EB}
		{8738B80C-3486-4A52-8A55-0D9A51132F90} = {42632CFF-6E56-4ED2-8D0C-C09952AD71A8}
		{23361ACD-886E-4621-A9E8-D2A92CF2F6AC} = {42632CFF-6E56-4ED2-8D0C-C09952AD71A8}
		{71456676-1E98-46C2-B6B5-14D54F7649EC} = {453D2876-9023-4697-84B4-29EF324BF2C1}
	EndGlobalSection
EndGlobal
